
Microsoft Visual Studio Solution File, Format Version 12.00
# Visual Studio Version 16
VisualStudioVersion = 16.0.30907.101
MinimumVisualStudioVersion = 10.0.40219.1
Project("{9A19103F-16F7-4668-BE54-9A1E7A4F7556}") = "ProjectAlkemy", "ProjectAlkemy\ProjectAlkemy.csproj", "{7DECFB3A-734A-48D4-B9DB-8580408DC2A8}"
EndProject
Project("{9A19103F-16F7-4668-BE54-9A1E7A4F7556}") = "ProjectAlkemy.Model", "ProjectAlkemy.Model\ProjectAlkemy.Model.csproj", "{0AD79AB7-B664-4424-816F-3AA4734C775B}"
EndProject
Project("{9A19103F-16F7-4668-BE54-9A1E7A4F7556}") = "ProjectAlkemy.Repository", "ProjectAlkemy.Repository\ProjectAlkemy.Repository.csproj", "{AEBA22D4-8166-403A-A248-12166D7CFB91}"
EndProject
Global
	GlobalSection(SolutionConfigurationPlatforms) = preSolution
		Debug|Any CPU = Debug|Any CPU
		Release|Any CPU = Release|Any CPU
	EndGlobalSection
	GlobalSection(ProjectConfigurationPlatforms) = postSolution
		{7DECFB3A-734A-48D4-B9DB-8580408DC2A8}.Debug|Any CPU.ActiveCfg = Debug|Any CPU
		{7DECFB3A-734A-48D4-B9DB-8580408DC2A8}.Debug|Any CPU.Build.0 = Debug|Any CPU
		{7DECFB3A-734A-48D4-B9DB-8580408DC2A8}.Release|Any CPU.ActiveCfg = Release|Any CPU
		{7DECFB3A-734A-48D4-B9DB-8580408DC2A8}.Release|Any CPU.Build.0 = Release|Any CPU
		{0AD79AB7-B664-4424-816F-3AA4734C775B}.Debug|Any CPU.ActiveCfg = Debug|Any CPU
		{0AD79AB7-B664-4424-816F-3AA4734C775B}.Debug|Any CPU.Build.0 = Debug|Any CPU
		{0AD79AB7-B664-4424-816F-3AA4734C775B}.Release|Any CPU.ActiveCfg = Release|Any CPU
		{0AD79AB7-B664-4424-816F-3AA4734C775B}.Release|Any CPU.Build.0 = Release|Any CPU
		{AEBA22D4-8166-403A-A248-12166D7CFB91}.Debug|Any CPU.ActiveCfg = Debug|Any CPU
		{AEBA22D4-8166-403A-A248-12166D7CFB91}.Debug|Any CPU.Build.0 = Debug|Any CPU
		{AEBA22D4-8166-403A-A248-12166D7CFB91}.Release|Any CPU.ActiveCfg = Release|Any CPU
		{AEBA22D4-8166-403A-A248-12166D7CFB91}.Release|Any CPU.Build.0 = Release|Any CPU
	EndGlobalSection
	GlobalSection(SolutionProperties) = preSolution
		HideSolutionNode = FALSE
	EndGlobalSection
	GlobalSection(ExtensibilityGlobals) = postSolution
		SolutionGuid = {675B31DC-9295-4036-82F1-4944525C4302}
	EndGlobalSection
EndGlobal
